<?xml version="1.0" encoding="utf-8"?>
<Project ToolsVersion="4.0" xmlns="http://schemas.microsoft.com/developer/msbuild/2003">
  <ItemGroup>
    <Filter Include="Source Files">
      <UniqueIdentifier>{b2ccbf76-e761-4ff6-91f0-313802dc96c7}</UniqueIdentifier>
      <Extensions>cpp;c;cxx;rc;def;r;odl;idl;hpj;bat</Extensions>
    </Filter>
    <Filter Include="Header Files">
      <UniqueIdentifier>{c7f1a3c0-89c7-485c-ba47-7ca6e37408e5}</UniqueIdentifier>
      <Extensions>h;hpp;hxx;hm;inl</Extensions>
    </Filter>
  </ItemGroup>
  <ItemGroup>
    <ClCompile Include="..\libao\audio_out.c">
      <Filter>Source Files</Filter>
    </ClCompile>
    <ClCompile Include="..\libao\audio_out_aif.c">
      <Filter>Source Files</Filter>
    </ClCompile>
    <ClCompile Include="..\libao\audio_out_al.c">
      <Filter>Source Files</Filter>
    </ClCompile>
    <ClCompile Include="..\libao\audio_out_float.c">
      <Filter>Source Files</Filter>
    </ClCompile>
    <ClCompile Include="..\libao\audio_out_null.c">
      <Filter>Source Files</Filter>
    </ClCompile>
    <ClCompile Include="..\libao\audio_out_oss.c">
      <Filter>Source Files</Filter>
    </ClCompile>
    <ClCompile Include="..\libao\audio_out_solaris.c">
      <Filter>Source Files</Filter>
    </ClCompile>
    <ClCompile Include="..\libao\audio_out_wav.c">
      <Filter>Source Files</Filter>
    </ClCompile>
    <ClCompile Include="..\libao\audio_out_win.c">
      <Filter>Source Files</Filter>
    </ClCompile>
    <ClCompile Include="..\libao\float2s16.c">
      <Filter>Source Files</Filter>
    </ClCompile>
  </ItemGroup>
</Project>